# THIS IS AN AUTOGENERATED FILE. DO NOT EDIT THIS FILE DIRECTLY.
# yarn lockfile v1


bn.js@^4.11.1, bn.js@^4.11.6:
  version "4.11.6"
  resolved "https://registry.yarnpkg.com/bn.js/-/bn.js-4.11.6.tgz#53344adb14617a13f6e8dd2ce28905d1c0ba3215"

minimist@^1.2.5:
  version "1.2.5"
  resolved "https://registry.npm.taobao.org/minimist/download/minimist-1.2.5.tgz#67d66014b66a6a8aaa0c083c5fd58df4e4e97602"

openzeppelin-solidity@^2.3.0:
  version "2.3.0"
  resolved "https://registry.yarnpkg.com/openzeppelin-solidity/-/openzeppelin-solidity-2.3.0.tgz#1ab7b4cc3782a5472ed61eb740c56a8bfdd74119"

rlp@^2.2.4:
  version "2.2.4"
  resolved "https://registry.npm.taobao.org/rlp/download/rlp-2.2.4.tgz#d6b0e1659e9285fc509a5d169a9bd06f704951c1"
  dependencies:
    bn.js "^4.11.1"
